// !$*UTF8*$!
{
	archiveVersion = 1;
	classes = {
	};
	objectVersion = 51;
	objects = {

/* Begin PBXBuildFile section */
		0F73833926969BE800CA6D9E /* ImageCacheService.swift in Sources */ = {isa = PBXBuildFile; fileRef = 0F73833826969BE800CA6D9E /* ImageCacheService.swift */; };
		0FB8191B268A427E008830FC /* PhotoUser.swift in Sources */ = {isa = PBXBuildFile; fileRef = 0FB8191A268A427E008830FC /* PhotoUser.swift */; };
		0FB8191E268A4397008830FC /* UserService.swift in Sources */ = {isa = PBXBuildFile; fileRef = 0FB8191D268A4397008830FC /* UserService.swift */; };
		0FB81921268A8FD7008830FC /* Constants.swift in Sources */ = {isa = PBXBuildFile; fileRef = 0FB81920268A8FD7008830FC /* Constants.swift */; };
		0FB81924268D1169008830FC /* LocalStorageService.swift in Sources */ = {isa = PBXBuildFile; fileRef = 0FB81923268D1169008830FC /* LocalStorageService.swift */; };
		0FB81927268E324F008830FC /* MainTabBarController.swift in Sources */ = {isa = PBXBuildFile; fileRef = 0FB81926268E324F008830FC /* MainTabBarController.swift */; };
		0FB8192A26917434008830FC /* Photo.swift in Sources */ = {isa = PBXBuildFile; fileRef = 0FB8192926917434008830FC /* Photo.swift */; };
		0FB8192D2691759E008830FC /* PhotoService.swift in Sources */ = {isa = PBXBuildFile; fileRef = 0FB8192C2691759E008830FC /* PhotoService.swift */; };
		0FB8193026957576008830FC /* PhotoCell.swift in Sources */ = {isa = PBXBuildFile; fileRef = 0FB8192F26957576008830FC /* PhotoCell.swift */; };
		0FE214572686F12400F0D589 /* AppDelegate.swift in Sources */ = {isa = PBXBuildFile; fileRef = 0FE214562686F12400F0D589 /* AppDelegate.swift */; };
		0FE214592686F12400F0D589 /* SceneDelegate.swift in Sources */ = {isa = PBXBuildFile; fileRef = 0FE214582686F12400F0D589 /* SceneDelegate.swift */; };
		0FE2145E2686F12400F0D589 /* Main.storyboard in Resources */ = {isa = PBXBuildFile; fileRef = 0FE2145C2686F12400F0D589 /* Main.storyboard */; };
		0FE214602686F12600F0D589 /* Assets.xcassets in Resources */ = {isa = PBXBuildFile; fileRef = 0FE2145F2686F12600F0D589 /* Assets.xcassets */; };
		0FE214632686F12600F0D589 /* LaunchScreen.storyboard in Resources */ = {isa = PBXBuildFile; fileRef = 0FE214612686F12600F0D589 /* LaunchScreen.storyboard */; };
		0FE2146C2686F19E00F0D589 /* GoogleService-Info.plist in Resources */ = {isa = PBXBuildFile; fileRef = 0FE2146B2686F19E00F0D589 /* GoogleService-Info.plist */; };
		0FE214A32686F89300F0D589 /* LoginViewController.swift in Sources */ = {isa = PBXBuildFile; fileRef = 0FE214A22686F89300F0D589 /* LoginViewController.swift */; };
		0FE214A82686F8FF00F0D589 /* CreateProfileViewController.swift in Sources */ = {isa = PBXBuildFile; fileRef = 0FE214A72686F8FF00F0D589 /* CreateProfileViewController.swift */; };
		0FE214AB2686FBFB00F0D589 /* FeedViewController.swift in Sources */ = {isa = PBXBuildFile; fileRef = 0FE214AA2686FBFB00F0D589 /* FeedViewController.swift */; };
		0FE214AE2686FC9100F0D589 /* SettingsViewController.swift in Sources */ = {isa = PBXBuildFile; fileRef = 0FE214AD2686FC9100F0D589 /* SettingsViewController.swift */; };
		0FE214B12687BE0C00F0D589 /* CameraViewController.swift in Sources */ = {isa = PBXBuildFile; fileRef = 0FE214B02687BE0C00F0D589 /* CameraViewController.swift */; };
		0FE215BF2687DB5900F0D589 /* Pods_SnappyGram.framework in Frameworks */ = {isa = PBXBuildFile; fileRef = 6A750475495D38A10490A1AE /* Pods_SnappyGram.framework */; };
/* End PBXBuildFile section */

/* Begin PBXFileReference section */
		0F73833826969BE800CA6D9E /* ImageCacheService.swift */ = {isa = PBXFileReference; lastKnownFileType = sourcecode.swift; path = ImageCacheService.swift; sourceTree = "<group>"; };
		0FB8191A268A427E008830FC /* PhotoUser.swift */ = {isa = PBXFileReference; lastKnownFileType = sourcecode.swift; path = PhotoUser.swift; sourceTree = "<group>"; };
		0FB8191D268A4397008830FC /* UserService.swift */ = {isa = PBXFileReference; lastKnownFileType = sourcecode.swift; path = UserService.swift; sourceTree = "<group>"; };
		0FB81920268A8FD7008830FC /* Constants.swift */ = {isa = PBXFileReference; lastKnownFileType = sourcecode.swift; path = Constants.swift; sourceTree = "<group>"; };
		0FB81923268D1169008830FC /* LocalStorageService.swift */ = {isa = PBXFileReference; lastKnownFileType = sourcecode.swift; path = LocalStorageService.swift; sourceTree = "<group>"; };
		0FB81926268E324F008830FC /* MainTabBarController.swift */ = {isa = PBXFileReference; lastKnownFileType = sourcecode.swift; path = MainTabBarController.swift; sourceTree = "<group>"; };
		0FB8192926917434008830FC /* Photo.swift */ = {isa = PBXFileReference; lastKnownFileType = sourcecode.swift; path = Photo.swift; sourceTree = "<group>"; };
		0FB8192C2691759E008830FC /* PhotoService.swift */ = {isa = PBXFileReference; lastKnownFileType = sourcecode.swift; path = PhotoService.swift; sourceTree = "<group>"; };
		0FB8192F26957576008830FC /* PhotoCell.swift */ = {isa = PBXFileReference; lastKnownFileType = sourcecode.swift; path = PhotoCell.swift; sourceTree = "<group>"; };
		0FE214532686F12400F0D589 /* SnappyGram.app */ = {isa = PBXFileReference; explicitFileType = wrapper.application; includeInIndex = 0; path = SnappyGram.app; sourceTree = BUILT_PRODUCTS_DIR; };
		0FE214562686F12400F0D589 /* AppDelegate.swift */ = {isa = PBXFileReference; lastKnownFileType = sourcecode.swift; path = AppDelegate.swift; sourceTree = "<group>"; };
		0FE214582686F12400F0D589 /* SceneDelegate.swift */ = {isa = PBXFileReference; lastKnownFileType = sourcecode.swift; path = SceneDelegate.swift; sourceTree = "<group>"; };
		0FE2145D2686F12400F0D589 /* Base */ = {isa = PBXFileReference; lastKnownFileType = file.storyboard; name = Base; path = Base.lproj/Main.storyboard; sourceTree = "<group>"; };
		0FE2145F2686F12600F0D589 /* Assets.xcassets */ = {isa = PBXFileReference; lastKnownFileType = folder.assetcatalog; path = Assets.xcassets; sourceTree = "<group>"; };
		0FE214622686F12600F0D589 /* Base */ = {isa = PBXFileReference; lastKnownFileType = file.storyboard; name = Base; path = Base.lproj/LaunchScreen.storyboard; sourceTree = "<group>"; };
		0FE214642686F12600F0D589 /* Info.plist */ = {isa = PBXFileReference; lastKnownFileType = text.plist.xml; path = Info.plist; sourceTree = "<group>"; };
		0FE2146B2686F19E00F0D589 /* GoogleService-Info.plist */ = {isa = PBXFileReference; fileEncoding = 4; lastKnownFileType = text.plist.xml; path = "GoogleService-Info.plist"; sourceTree = "<group>"; };
		0FE214A22686F89300F0D589 /* LoginViewController.swift */ = {isa = PBXFileReference; lastKnownFileType = sourcecode.swift; path = LoginViewController.swift; sourceTree = "<group>"; };
		0FE214A72686F8FF00F0D589 /* CreateProfileViewController.swift */ = {isa = PBXFileReference; lastKnownFileType = sourcecode.swift; path = CreateProfileViewController.swift; sourceTree = "<group>"; };
		0FE214AA2686FBFB00F0D589 /* FeedViewController.swift */ = {isa = PBXFileReference; lastKnownFileType = sourcecode.swift; path = FeedViewController.swift; sourceTree = "<group>"; };
		0FE214AD2686FC9100F0D589 /* SettingsViewController.swift */ = {isa = PBXFileReference; lastKnownFileType = sourcecode.swift; path = SettingsViewController.swift; sourceTree = "<group>"; };
		0FE214B02687BE0C00F0D589 /* CameraViewController.swift */ = {isa = PBXFileReference; lastKnownFileType = sourcecode.swift; path = CameraViewController.swift; sourceTree = "<group>"; };
		6A750475495D38A10490A1AE /* Pods_SnappyGram.framework */ = {isa = PBXFileReference; explicitFileType = wrapper.framework; includeInIndex = 0; path = Pods_SnappyGram.framework; sourceTree = BUILT_PRODUCTS_DIR; };
		7001271F5D1E545C3254934F /* Pods-SnappyGram.debug.xcconfig */ = {isa = PBXFileReference; includeInIndex = 1; lastKnownFileType = text.xcconfig; name = "Pods-SnappyGram.debug.xcconfig"; path = "Target Support Files/Pods-SnappyGram/Pods-SnappyGram.debug.xcconfig"; sourceTree = "<group>"; };
		A428BC0F5FA21CCAEDFC4CB2 /* Pods-SnappyGram.release.xcconfig */ = {isa = PBXFileReference; includeInIndex = 1; lastKnownFileType = text.xcconfig; name = "Pods-SnappyGram.release.xcconfig"; path = "Target Support Files/Pods-SnappyGram/Pods-SnappyGram.release.xcconfig"; sourceTree = "<group>"; };
/* End PBXFileReference section */

/* Begin PBXFrameworksBuildPhase section */
		0FE214502686F12400F0D589 /* Frameworks */ = {
			isa = PBXFrameworksBuildPhase;
			buildActionMask = 2147483647;
			files = (
				0FE215BF2687DB5900F0D589 /* Pods_SnappyGram.framework in Frameworks */,
			);
			runOnlyForDeploymentPostprocessing = 0;
		};
/* End PBXFrameworksBuildPhase section */

/* Begin PBXGroup section */
		0FE2144A2686F12400F0D589 = {
			isa = PBXGroup;
			children = (
				0FE214552686F12400F0D589 /* SnappyGram */,
				0FE214542686F12400F0D589 /* Products */,
				B5604342D2F115FD13F8B923 /* Pods */,
				B9E0A8011D931607EA378098 /* Frameworks */,
			);
			sourceTree = "<group>";
		};
		0FE214542686F12400F0D589 /* Products */ = {
			isa = PBXGroup;
			children = (
				0FE214532686F12400F0D589 /* SnappyGram.app */,
			);
			name = Products;
			sourceTree = "<group>";
		};
		0FE214552686F12400F0D589 /* SnappyGram */ = {
			isa = PBXGroup;
			children = (
				0FE214562686F12400F0D589 /* AppDelegate.swift */,
				0FE214582686F12400F0D589 /* SceneDelegate.swift */,
				0FE214A12686F80700F0D589 /* Storyboards */,
				0FE214A02686F7FD00F0D589 /* Services */,
				0FE2149F2686F7ED00F0D589 /* ViewControllers  */,
				0FE2149E2686F7E200F0D589 /* Models */,
				0FE2149D2686F7D700F0D589 /* Views */,
				0FE2149C2686F7B200F0D589 /* Helpers */,
				0FE2145F2686F12600F0D589 /* Assets.xcassets */,
				0FE214642686F12600F0D589 /* Info.plist */,
				0FE2146B2686F19E00F0D589 /* GoogleService-Info.plist */,
			);
			path = SnappyGram;
			sourceTree = "<group>";
		};
		0FE2149C2686F7B200F0D589 /* Helpers */ = {
			isa = PBXGroup;
			children = (
				0FB81920268A8FD7008830FC /* Constants.swift */,
			);
			path = Helpers;
			sourceTree = "<group>";
		};
		0FE2149D2686F7D700F0D589 /* Views */ = {
			isa = PBXGroup;
			children = (
				0FB8192F26957576008830FC /* PhotoCell.swift */,
			);
			path = Views;
			sourceTree = "<group>";
		};
		0FE2149E2686F7E200F0D589 /* Models */ = {
			isa = PBXGroup;
			children = (
				0FB8191A268A427E008830FC /* PhotoUser.swift */,
				0FB8192926917434008830FC /* Photo.swift */,
			);
			path = Models;
			sourceTree = "<group>";
		};
		0FE2149F2686F7ED00F0D589 /* ViewControllers  */ = {
			isa = PBXGroup;
			children = (
				0FE214A22686F89300F0D589 /* LoginViewController.swift */,
				0FE214A72686F8FF00F0D589 /* CreateProfileViewController.swift */,
				0FE214AA2686FBFB00F0D589 /* FeedViewController.swift */,
				0FE214AD2686FC9100F0D589 /* SettingsViewController.swift */,
				0FE214B02687BE0C00F0D589 /* CameraViewController.swift */,
				0FB81926268E324F008830FC /* MainTabBarController.swift */,
			);
			path = "ViewControllers ";
			sourceTree = "<group>";
		};
		0FE214A02686F7FD00F0D589 /* Services */ = {
			isa = PBXGroup;
			children = (
				0FB8191D268A4397008830FC /* UserService.swift */,
				0FB81923268D1169008830FC /* LocalStorageService.swift */,
				0FB8192C2691759E008830FC /* PhotoService.swift */,
				0F73833826969BE800CA6D9E /* ImageCacheService.swift */,
			);
			path = Services;
			sourceTree = "<group>";
		};
		0FE214A12686F80700F0D589 /* Storyboards */ = {
			isa = PBXGroup;
			children = (
				0FE2145C2686F12400F0D589 /* Main.storyboard */,
				0FE214612686F12600F0D589 /* LaunchScreen.storyboard */,
			);
			path = Storyboards;
			sourceTree = "<group>";
		};
		B5604342D2F115FD13F8B923 /* Pods */ = {
			isa = PBXGroup;
			children = (
				7001271F5D1E545C3254934F /* Pods-SnappyGram.debug.xcconfig */,
				A428BC0F5FA21CCAEDFC4CB2 /* Pods-SnappyGram.release.xcconfig */,
			);
			path = Pods;
			sourceTree = "<group>";
		};
		B9E0A8011D931607EA378098 /* Frameworks */ = {
			isa = PBXGroup;
			children = (
				6A750475495D38A10490A1AE /* Pods_SnappyGram.framework */,
			);
			name = Frameworks;
			sourceTree = "<group>";
		};
/* End PBXGroup section */

/* Begin PBXNativeTarget section */
		0FE214522686F12400F0D589 /* SnappyGram */ = {
			isa = PBXNativeTarget;
			buildConfigurationList = 0FE214672686F12600F0D589 /* Build configuration list for PBXNativeTarget "SnappyGram" */;
			buildPhases = (
				D4187C560B008A571DA94121 /* [CP] Check Pods Manifest.lock */,
				0FE2144F2686F12400F0D589 /* Sources */,
				0FE214502686F12400F0D589 /* Frameworks */,
				0FE214512686F12400F0D589 /* Resources */,
				1E4FBC3844A4D281AF57BBEB /* [CP] Embed Pods Frameworks */,
				F4436F274AB040A39EFCCE64 /* [CP] Copy Pods Resources */,
			);
			buildRules = (
			);
			dependencies = (
			);
			name = SnappyGram;
			productName = SnappyGram;
			productReference = 0FE214532686F12400F0D589 /* SnappyGram.app */;
			productType = "com.apple.product-type.application";
		};
/* End PBXNativeTarget section */

/* Begin PBXProject section */
		0FE2144B2686F12400F0D589 /* Project object */ = {
			isa = PBXProject;
			attributes = {
				LastSwiftUpdateCheck = 1240;
				LastUpgradeCheck = 1240;
				TargetAttributes = {
					0FE214522686F12400F0D589 = {
						CreatedOnToolsVersion = 12.4;
					};
				};
			};
			buildConfigurationList = 0FE2144E2686F12400F0D589 /* Build configuration list for PBXProject "SnappyGram" */;
			compatibilityVersion = "Xcode 9.3";
			developmentRegion = en;
			hasScannedForEncodings = 0;
			knownRegions = (
				en,
				Base,
			);
			mainGroup = 0FE2144A2686F12400F0D589;
			productRefGroup = 0FE214542686F12400F0D589 /* Products */;
			projectDirPath = "";
			projectRoot = "";
			targets = (
				0FE214522686F12400F0D589 /* SnappyGram */,
			);
		};
/* End PBXProject section */

/* Begin PBXResourcesBuildPhase section */
		0FE214512686F12400F0D589 /* Resources */ = {
			isa = PBXResourcesBuildPhase;
			buildActionMask = 2147483647;
			files = (
				0FE214632686F12600F0D589 /* LaunchScreen.storyboard in Resources */,
				0FE2146C2686F19E00F0D589 /* GoogleService-Info.plist in Resources */,
				0FE214602686F12600F0D589 /* Assets.xcassets in Resources */,
				0FE2145E2686F12400F0D589 /* Main.storyboard in Resources */,
			);
			runOnlyForDeploymentPostprocessing = 0;
		};
/* End PBXResourcesBuildPhase section */

/* Begin PBXShellScriptBuildPhase section */
		1E4FBC3844A4D281AF57BBEB /* [CP] Embed Pods Frameworks */ = {
			isa = PBXShellScriptBuildPhase;
			buildActionMask = 2147483647;
			files = (
			);
			inputFileListPaths = (
				"${PODS_ROOT}/Target Support Files/Pods-SnappyGram/Pods-SnappyGram-frameworks-${CONFIGURATION}-input-files.xcfilelist",
			);
			name = "[CP] Embed Pods Frameworks";
			outputFileListPaths = (
				"${PODS_ROOT}/Target Support Files/Pods-SnappyGram/Pods-SnappyGram-frameworks-${CONFIGURATION}-output-files.xcfilelist",
			);
			runOnlyForDeploymentPostprocessing = 0;
			shellPath = /bin/sh;
			shellScript = "\"${PODS_ROOT}/Target Support Files/Pods-SnappyGram/Pods-SnappyGram-frameworks.sh\"\n";
			showEnvVarsInLog = 0;
		};
		D4187C560B008A571DA94121 /* [CP] Check Pods Manifest.lock */ = {
			isa = PBXShellScriptBuildPhase;
			buildActionMask = 2147483647;
			files = (
			);
			inputFileListPaths = (
			);
			inputPaths = (
				"${PODS_PODFILE_DIR_PATH}/Podfile.lock",
				"${PODS_ROOT}/Manifest.lock",
			);
			name = "[CP] Check Pods Manifest.lock";
			outputFileListPaths = (
			);
			outputPaths = (
				"$(DERIVED_FILE_DIR)/Pods-SnappyGram-checkManifestLockResult.txt",
			);
			runOnlyForDeploymentPostprocessing = 0;
			shellPath = /bin/sh;
			shellScript = "diff \"${PODS_PODFILE_DIR_PATH}/Podfile.lock\" \"${PODS_ROOT}/Manifest.lock\" > /dev/null\nif [ $? != 0 ] ; then\n    # print error to STDERR\n    echo \"error: The sandbox is not in sync with the Podfile.lock. Run 'pod install' or update your CocoaPods installation.\" >&2\n    exit 1\nfi\n# This output is used by Xcode 'outputs' to avoid re-running this script phase.\necho \"SUCCESS\" > \"${SCRIPT_OUTPUT_FILE_0}\"\n";
			showEnvVarsInLog = 0;
		};
		F4436F274AB040A39EFCCE64 /* [CP] Copy Pods Resources */ = {
			isa = PBXShellScriptBuildPhase;
			buildActionMask = 2147483647;
			files = (
			);
			inputFileListPaths = (
				"${PODS_ROOT}/Target Support Files/Pods-SnappyGram/Pods-SnappyGram-resources-${CONFIGURATION}-input-files.xcfilelist",
			);
			name = "[CP] Copy Pods Resources";
			outputFileListPaths = (
				"${PODS_ROOT}/Target Support Files/Pods-SnappyGram/Pods-SnappyGram-resources-${CONFIGURATION}-output-files.xcfilelist",
			);
			runOnlyForDeploymentPostprocessing = 0;
			shellPath = /bin/sh;
			shellScript = "\"${PODS_ROOT}/Target Support Files/Pods-SnappyGram/Pods-SnappyGram-resources.sh\"\n";
			showEnvVarsInLog = 0;
		};
/* End PBXShellScriptBuildPhase section */

/* Begin PBXSourcesBuildPhase section */
		0FE2144F2686F12400F0D589 /* Sources */ = {
			isa = PBXSourcesBuildPhase;
			buildActionMask = 2147483647;
			files = (
				0FE214A82686F8FF00F0D589 /* CreateProfileViewController.swift in Sources */,
				0FB8193026957576008830FC /* PhotoCell.swift in Sources */,
				0FE214A32686F89300F0D589 /* LoginViewController.swift in Sources */,
				0FB81927268E324F008830FC /* MainTabBarController.swift in Sources */,
				0FB8191E268A4397008830FC /* UserService.swift in Sources */,
				0FE214AB2686FBFB00F0D589 /* FeedViewController.swift in Sources */,
				0FB8191B268A427E008830FC /* PhotoUser.swift in Sources */,
				0FB8192D2691759E008830FC /* PhotoService.swift in Sources */,
				0FB8192A26917434008830FC /* Photo.swift in Sources */,
				0FB81921268A8FD7008830FC /* Constants.swift in Sources */,
				0F73833926969BE800CA6D9E /* ImageCacheService.swift in Sources */,
				0FE214572686F12400F0D589 /* AppDelegate.swift in Sources */,
				0FE214B12687BE0C00F0D589 /* CameraViewController.swift in Sources */,
				0FE214592686F12400F0D589 /* SceneDelegate.swift in Sources */,
				0FE214AE2686FC9100F0D589 /* SettingsViewController.swift in Sources */,
				0FB81924268D1169008830FC /* LocalStorageService.swift in Sources */,
			);
			runOnlyForDeploymentPostprocessing = 0;
		};
/* End PBXSourcesBuildPhase section */

/* Begin PBXVariantGroup section */
		0FE2145C2686F12400F0D589 /* Main.storyboard */ = {
			isa = PBXVariantGroup;
			children = (
				0FE2145D2686F12400F0D589 /* Base */,
			);
			name = Main.storyboard;
			sourceTree = "<group>";
		};
		0FE214612686F12600F0D589 /* LaunchScreen.storyboard */ = {
			isa = PBXVariantGroup;
			children = (
				0FE214622686F12600F0D589 /* Base */,
			);
			name = LaunchScreen.storyboard;
			sourceTree = "<group>";
		};
/* End PBXVariantGroup section */

/* Begin XCBuildConfiguration section */
		0FE214652686F12600F0D589 /* Debug */ = {
			isa = XCBuildConfiguration;
			buildSettings = {
				ALWAYS_SEARCH_USER_PATHS = NO;
				CLANG_ANALYZER_NONNULL = YES;
				CLANG_ANALYZER_NUMBER_OBJECT_CONVERSION = YES_AGGRESSIVE;
				CLANG_CXX_LANGUAGE_STANDARD = "gnu++14";
				CLANG_CXX_LIBRARY = "libc++";
				CLANG_ENABLE_MODULES = YES;
				CLANG_ENABLE_OBJC_ARC = YES;
				CLANG_ENABLE_OBJC_WEAK = YES;
				CLANG_WARN_BLOCK_CAPTURE_AUTORELEASING = YES;
				CLANG_WARN_BOOL_CONVERSION = YES;
				CLANG_WARN_COMMA = YES;
				CLANG_WARN_CONSTANT_CONVERSION = YES;
				CLANG_WARN_DEPRECATED_OBJC_IMPLEMENTATIONS = YES;
				CLANG_WARN_DIRECT_OBJC_ISA_USAGE = YES_ERROR;
				CLANG_WARN_DOCUMENTATION_COMMENTS = YES;
				CLANG_WARN_EMPTY_BODY = YES;
				CLANG_WARN_ENUM_CONVERSION = YES;
				CLANG_WARN_INFINITE_RECURSION = YES;
				CLANG_WARN_INT_CONVERSION = YES;
				CLANG_WARN_NON_LITERAL_NULL_CONVERSION = YES;
				CLANG_WARN_OBJC_IMPLICIT_RETAIN_SELF = YES;
				CLANG_WARN_OBJC_LITERAL_CONVERSION = YES;
				CLANG_WARN_OBJC_ROOT_CLASS = YES_ERROR;
				CLANG_WARN_QUOTED_INCLUDE_IN_FRAMEWORK_HEADER = YES;
				CLANG_WARN_RANGE_LOOP_ANALYSIS = YES;
				CLANG_WARN_STRICT_PROTOTYPES = YES;
				CLANG_WARN_SUSPICIOUS_MOVE = YES;
				CLANG_WARN_UNGUARDED_AVAILABILITY = YES_AGGRESSIVE;
				CLANG_WARN_UNREACHABLE_CODE = YES;
				CLANG_WARN__DUPLICATE_METHOD_MATCH = YES;
				COPY_PHASE_STRIP = NO;
				DEBUG_INFORMATION_FORMAT = dwarf;
				ENABLE_STRICT_OBJC_MSGSEND = YES;
				ENABLE_TESTABILITY = YES;
				GCC_C_LANGUAGE_STANDARD = gnu11;
				GCC_DYNAMIC_NO_PIC = NO;
				GCC_NO_COMMON_BLOCKS = YES;
				GCC_OPTIMIZATION_LEVEL = 0;
				GCC_PREPROCESSOR_DEFINITIONS = (
					"DEBUG=1",
					"$(inherited)",
				);
				GCC_WARN_64_TO_32_BIT_CONVERSION = YES;
				GCC_WARN_ABOUT_RETURN_TYPE = YES_ERROR;
				GCC_WARN_UNDECLARED_SELECTOR = YES;
				GCC_WARN_UNINITIALIZED_AUTOS = YES_AGGRESSIVE;
				GCC_WARN_UNUSED_FUNCTION = YES;
				GCC_WARN_UNUSED_VARIABLE = YES;
				IPHONEOS_DEPLOYMENT_TARGET = 14.4;
				MTL_ENABLE_DEBUG_INFO = INCLUDE_SOURCE;
				MTL_FAST_MATH = YES;
				ONLY_ACTIVE_ARCH = YES;
				SDKROOT = iphoneos;
				SWIFT_ACTIVE_COMPILATION_CONDITIONS = DEBUG;
				SWIFT_OPTIMIZATION_LEVEL = "-Onone";
			};
			name = Debug;
		};
		0FE214662686F12600F0D589 /* Release */ = {
			isa = XCBuildConfiguration;
			buildSettings = {
				ALWAYS_SEARCH_USER_PATHS = NO;
				CLANG_ANALYZER_NONNULL = YES;
				CLANG_ANALYZER_NUMBER_OBJECT_CONVERSION = YES_AGGRESSIVE;
				CLANG_CXX_LANGUAGE_STANDARD = "gnu++14";
				CLANG_CXX_LIBRARY = "libc++";
				CLANG_ENABLE_MODULES = YES;
				CLANG_ENABLE_OBJC_ARC = YES;
				CLANG_ENABLE_OBJC_WEAK = YES;
				CLANG_WARN_BLOCK_CAPTURE_AUTORELEASING = YES;
				CLANG_WARN_BOOL_CONVERSION = YES;
				CLANG_WARN_COMMA = YES;
				CLANG_WARN_CONSTANT_CONVERSION = YES;
				CLANG_WARN_DEPRECATED_OBJC_IMPLEMENTATIONS = YES;
				CLANG_WARN_DIRECT_OBJC_ISA_USAGE = YES_ERROR;
				CLANG_WARN_DOCUMENTATION_COMMENTS = YES;
				CLANG_WARN_EMPTY_BODY = YES;
				CLANG_WARN_ENUM_CONVERSION = YES;
				CLANG_WARN_INFINITE_RECURSION = YES;
				CLANG_WARN_INT_CONVERSION = YES;
				CLANG_WARN_NON_LITERAL_NULL_CONVERSION = YES;
				CLANG_WARN_OBJC_IMPLICIT_RETAIN_SELF = YES;
				CLANG_WARN_OBJC_LITERAL_CONVERSION = YES;
				CLANG_WARN_OBJC_ROOT_CLASS = YES_ERROR;
				CLANG_WARN_QUOTED_INCLUDE_IN_FRAMEWORK_HEADER = YES;
				CLANG_WARN_RANGE_LOOP_ANALYSIS = YES;
				CLANG_WARN_STRICT_PROTOTYPES = YES;
				CLANG_WARN_SUSPICIOUS_MOVE = YES;
				CLANG_WARN_UNGUARDED_AVAILABILITY = YES_AGGRESSIVE;
				CLANG_WARN_UNREACHABLE_CODE = YES;
				CLANG_WARN__DUPLICATE_METHOD_MATCH = YES;
				COPY_PHASE_STRIP = NO;
				DEBUG_INFORMATION_FORMAT = "dwarf-with-dsym";
				ENABLE_NS_ASSERTIONS = NO;
				ENABLE_STRICT_OBJC_MSGSEND = YES;
				GCC_C_LANGUAGE_STANDARD = gnu11;
				GCC_NO_COMMON_BLOCKS = YES;
				GCC_WARN_64_TO_32_BIT_CONVERSION = YES;
				GCC_WARN_ABOUT_RETURN_TYPE = YES_ERROR;
				GCC_WARN_UNDECLARED_SELECTOR = YES;
				GCC_WARN_UNINITIALIZED_AUTOS = YES_AGGRESSIVE;
				GCC_WARN_UNUSED_FUNCTION = YES;
				GCC_WARN_UNUSED_VARIABLE = YES;
				IPHONEOS_DEPLOYMENT_TARGET = 14.4;
				MTL_ENABLE_DEBUG_INFO = NO;
				MTL_FAST_MATH = YES;
				SDKROOT = iphoneos;
				SWIFT_COMPILATION_MODE = wholemodule;
				SWIFT_OPTIMIZATION_LEVEL = "-O";
				VALIDATE_PRODUCT = YES;
			};
			name = Release;
		};
		0FE214682686F12600F0D589 /* Debug */ = {
			isa = XCBuildConfiguration;
			baseConfigurationReference = 7001271F5D1E545C3254934F /* Pods-SnappyGram.debug.xcconfig */;
			buildSettings = {
				ASSETCATALOG_COMPILER_APPICON_NAME = AppIcon;
				ASSETCATALOG_COMPILER_GLOBAL_ACCENT_COLOR_NAME = AccentColor;
				CODE_SIGN_STYLE = Automatic;
				INFOPLIST_FILE = SnappyGram/Info.plist;
				LD_RUNPATH_SEARCH_PATHS = (
					"$(inherited)",
					"@executable_path/Frameworks",
				);
				PRODUCT_BUNDLE_IDENTIFIER = com.aDayur.SnappyGram;
				PRODUCT_NAME = "$(TARGET_NAME)";
				SWIFT_VERSION = 5.0;
				TARGETED_DEVICE_FAMILY = "1,2";
			};
			name = Debug;
		};
		0FE214692686F12600F0D589 /* Release */ = {
			isa = XCBuildConfiguration;
			baseConfigurationReference = A428BC0F5FA21CCAEDFC4CB2 /* Pods-SnappyGram.release.xcconfig */;
			buildSettings = {
				ASSETCATALOG_COMPILER_APPICON_NAME = AppIcon;
				ASSETCATALOG_COMPILER_GLOBAL_ACCENT_COLOR_NAME = AccentColor;
				CODE_SIGN_STYLE = Automatic;
				INFOPLIST_FILE = SnappyGram/Info.plist;
				LD_RUNPATH_SEARCH_PATHS = (
					"$(inherited)",
					"@executable_path/Frameworks",
				);
				PRODUCT_BUNDLE_IDENTIFIER = com.aDayur.SnappyGram;
				PRODUCT_NAME = "$(TARGET_NAME)";
				SWIFT_VERSION = 5.0;
				TARGETED_DEVICE_FAMILY = "1,2";
			};
			name = Release;
		};
/* End XCBuildConfiguration section */

/* Begin XCConfigurationList section */
		0FE2144E2686F12400F0D589 /* Build configuration list for PBXProject "SnappyGram" */ = {
			isa = XCConfigurationList;
			buildConfigurations = (
				0FE214652686F12600F0D589 /* Debug */,
				0FE214662686F12600F0D589 /* Release */,
			);
			defaultConfigurationIsVisible = 0;
			defaultConfigurationName = Release;
		};
		0FE214672686F12600F0D589 /* Build configuration list for PBXNativeTarget "SnappyGram" */ = {
			isa = XCConfigurationList;
			buildConfigurations = (
				0FE214682686F12600F0D589 /* Debug */,
				0FE214692686F12600F0D589 /* Release */,
			);
			defaultConfigurationIsVisible = 0;
			defaultConfigurationName = Release;
		};
/* End XCConfigurationList section */
	};
	rootObject = 0FE2144B2686F12400F0D589 /* Project object */;
}
